
Microsoft Visual Studio Solution File, Format Version 12.00
# Visual Studio Version 17
VisualStudioVersion = 17.4.33205.214
MinimumVisualStudioVersion = 10.0.40219.1
Project("{9A19103F-16F7-4668-BE54-9A1E7A4F7556}") = "LogisticCalculationWPF", "LogisticCalculationWPF\LogisticCalculationWPF.csproj", "{A558B492-E453-4256-89CB-761AB6BED368}"
EndProject
Project("{9A19103F-16F7-4668-BE54-9A1E7A4F7556}") = "KalkulackaLogistikyClassic", "..\KalkulackaLogistikyClassic\KalkulackaLogistikyClassic\KalkulackaLogistikyClassic.csproj", "{46CFF6C9-F95F-4ED1-BE06-D9D424FDC9B1}"
EndProject
Project("{FAE04EC0-301F-11D3-BF4B-00C04F79EFBC}") = "LogisticCalculationTests", "LogisticCalculationTests\LogisticCalculationTests.csproj", "{29191BFF-A560-4918-9A38-4A2DB4378EE2}"
EndProject
Global
	GlobalSection(SolutionConfigurationPlatforms) = preSolution
		Debug|Any CPU = Debug|Any CPU
		Release|Any CPU = Release|Any CPU
	EndGlobalSection
	GlobalSection(ProjectConfigurationPlatforms) = postSolution
		{A558B492-E453-4256-89CB-761AB6BED368}.Debug|Any CPU.ActiveCfg = Debug|Any CPU
		{A558B492-E453-4256-89CB-761AB6BED368}.Debug|Any CPU.Build.0 = Debug|Any CPU
		{A558B492-E453-4256-89CB-761AB6BED368}.Release|Any CPU.ActiveCfg = Release|Any CPU
		{A558B492-E453-4256-89CB-761AB6BED368}.Release|Any CPU.Build.0 = Release|Any CPU
		{46CFF6C9-F95F-4ED1-BE06-D9D424FDC9B1}.Debug|Any CPU.ActiveCfg = Debug|Any CPU
		{46CFF6C9-F95F-4ED1-BE06-D9D424FDC9B1}.Debug|Any CPU.Build.0 = Debug|Any CPU
		{46CFF6C9-F95F-4ED1-BE06-D9D424FDC9B1}.Release|Any CPU.ActiveCfg = Release|Any CPU
		{46CFF6C9-F95F-4ED1-BE06-D9D424FDC9B1}.Release|Any CPU.Build.0 = Release|Any CPU
		{29191BFF-A560-4918-9A38-4A2DB4378EE2}.Debug|Any CPU.ActiveCfg = Debug|Any CPU
		{29191BFF-A560-4918-9A38-4A2DB4378EE2}.Debug|Any CPU.Build.0 = Debug|Any CPU
		{29191BFF-A560-4918-9A38-4A2DB4378EE2}.Release|Any CPU.ActiveCfg = Release|Any CPU
		{29191BFF-A560-4918-9A38-4A2DB4378EE2}.Release|Any CPU.Build.0 = Release|Any CPU
	EndGlobalSection
	GlobalSection(SolutionProperties) = preSolution
		HideSolutionNode = FALSE
	EndGlobalSection
	GlobalSection(ExtensibilityGlobals) = postSolution
		SolutionGuid = {B87BC9F1-BECB-41CC-B618-F930D7E4FA58}
	EndGlobalSection
EndGlobal
